
Microsoft Visual Studio Solution File, Format Version 12.00
# Visual Studio Version 16
VisualStudioVersion = 16.0.30523.141
MinimumVisualStudioVersion = 10.0.40219.1
Project("{8BC9CEB8-8B4A-11D0-8D11-00A0C91BC942}") = "DataContainers", "DataContainers\DataContainers.vcxproj", "{976ABB8D-7585-447B-9AC0-11675472237E}"
EndProject
Project("{8BC9CEB8-8B4A-11D0-8D11-00A0C91BC942}") = "ForwardList", "ForwardList\ForwardList.vcxproj", "{640FA41F-1339-4DEB-8731-0A53C0583A2F}"
EndProject
Project("{8BC9CEB8-8B4A-11D0-8D11-00A0C91BC942}") = "BList", "BiDiList\BiDiList.vcxproj", "{F34A58F5-5C82-4649-8946-4BB4F2D38228}"
EndProject
Project("{8BC9CEB8-8B4A-11D0-8D11-00A0C91BC942}") = "List", "List\List.vcxproj", "{29A02244-5E52-4D46-AD27-29A58059AFEA}"
EndProject
Global
	GlobalSection(SolutionConfigurationPlatforms) = preSolution
		Debug|x64 = Debug|x64
		Debug|x86 = Debug|x86
		Release|x64 = Release|x64
		Release|x86 = Release|x86
	EndGlobalSection
	GlobalSection(ProjectConfigurationPlatforms) = postSolution
		{976ABB8D-7585-447B-9AC0-11675472237E}.Debug|x64.ActiveCfg = Debug|x64
		{976ABB8D-7585-447B-9AC0-11675472237E}.Debug|x64.Build.0 = Debug|x64
		{976ABB8D-7585-447B-9AC0-11675472237E}.Debug|x86.ActiveCfg = Debug|Win32
		{976ABB8D-7585-447B-9AC0-11675472237E}.Debug|x86.Build.0 = Debug|Win32
		{976ABB8D-7585-447B-9AC0-11675472237E}.Release|x64.ActiveCfg = Release|x64
		{976ABB8D-7585-447B-9AC0-11675472237E}.Release|x64.Build.0 = Release|x64
		{976ABB8D-7585-447B-9AC0-11675472237E}.Release|x86.ActiveCfg = Release|Win32
		{976ABB8D-7585-447B-9AC0-11675472237E}.Release|x86.Build.0 = Release|Win32
		{640FA41F-1339-4DEB-8731-0A53C0583A2F}.Debug|x64.ActiveCfg = Debug|x64
		{640FA41F-1339-4DEB-8731-0A53C0583A2F}.Debug|x64.Build.0 = Debug|x64
		{640FA41F-1339-4DEB-8731-0A53C0583A2F}.Debug|x86.ActiveCfg = Debug|Win32
		{640FA41F-1339-4DEB-8731-0A53C0583A2F}.Debug|x86.Build.0 = Debug|Win32
		{640FA41F-1339-4DEB-8731-0A53C0583A2F}.Release|x64.ActiveCfg = Release|x64
		{640FA41F-1339-4DEB-8731-0A53C0583A2F}.Release|x64.Build.0 = Release|x64
		{640FA41F-1339-4DEB-8731-0A53C0583A2F}.Release|x86.ActiveCfg = Release|Win32
		{640FA41F-1339-4DEB-8731-0A53C0583A2F}.Release|x86.Build.0 = Release|Win32
		{F34A58F5-5C82-4649-8946-4BB4F2D38228}.Debug|x64.ActiveCfg = Debug|x64
		{F34A58F5-5C82-4649-8946-4BB4F2D38228}.Debug|x64.Build.0 = Debug|x64
		{F34A58F5-5C82-4649-8946-4BB4F2D38228}.Debug|x86.ActiveCfg = Debug|Win32
		{F34A58F5-5C82-4649-8946-4BB4F2D38228}.Debug|x86.Build.0 = Debug|Win32
		{F34A58F5-5C82-4649-8946-4BB4F2D38228}.Release|x64.ActiveCfg = Release|x64
		{F34A58F5-5C82-4649-8946-4BB4F2D38228}.Release|x64.Build.0 = Release|x64
		{F34A58F5-5C82-4649-8946-4BB4F2D38228}.Release|x86.ActiveCfg = Release|Win32
		{F34A58F5-5C82-4649-8946-4BB4F2D38228}.Release|x86.Build.0 = Release|Win32
		{29A02244-5E52-4D46-AD27-29A58059AFEA}.Debug|x64.ActiveCfg = Debug|x64
		{29A02244-5E52-4D46-AD27-29A58059AFEA}.Debug|x64.Build.0 = Debug|x64
		{29A02244-5E52-4D46-AD27-29A58059AFEA}.Debug|x86.ActiveCfg = Debug|Win32
		{29A02244-5E52-4D46-AD27-29A58059AFEA}.Debug|x86.Build.0 = Debug|Win32
		{29A02244-5E52-4D46-AD27-29A58059AFEA}.Release|x64.ActiveCfg = Release|x64
		{29A02244-5E52-4D46-AD27-29A58059AFEA}.Release|x64.Build.0 = Release|x64
		{29A02244-5E52-4D46-AD27-29A58059AFEA}.Release|x86.ActiveCfg = Release|Win32
		{29A02244-5E52-4D46-AD27-29A58059AFEA}.Release|x86.Build.0 = Release|Win32
	EndGlobalSection
	GlobalSection(SolutionProperties) = preSolution
		HideSolutionNode = FALSE
	EndGlobalSection
	GlobalSection(ExtensibilityGlobals) = postSolution
		SolutionGuid = {09E24EED-462A-4920-BB64-B8FBB6B05CB1}
	EndGlobalSection
EndGlobal
