
Microsoft Visual Studio Solution File, Format Version 12.00
# Visual Studio Version 16
VisualStudioVersion = 16.0.30523.141
MinimumVisualStudioVersion = 10.0.40219.1
Project("{8BC9CEB8-8B4A-11D0-8D11-00A0C91BC942}") = "Intro", "Intro\Intro.vcxproj", "{A10A6534-B78F-4299-8877-61A014017FC1}"
EndProject
Project("{8BC9CEB8-8B4A-11D0-8D11-00A0C91BC942}") = "Fraction", "Fraction\Fraction.vcxproj", "{0D3D45D3-7A30-4542-9ECF-702856E6FDE4}"
EndProject
Project("{8BC9CEB8-8B4A-11D0-8D11-00A0C91BC942}") = "String", "String\String.vcxproj", "{C9E7BA80-743B-4D1A-A3B2-3FC5B9CEA541}"
EndProject
Global
	GlobalSection(SolutionConfigurationPlatforms) = preSolution
		Debug|x64 = Debug|x64
		Debug|x86 = Debug|x86
		Release|x64 = Release|x64
		Release|x86 = Release|x86
	EndGlobalSection
	GlobalSection(ProjectConfigurationPlatforms) = postSolution
		{A10A6534-B78F-4299-8877-61A014017FC1}.Debug|x64.ActiveCfg = Debug|x64
		{A10A6534-B78F-4299-8877-61A014017FC1}.Debug|x64.Build.0 = Debug|x64
		{A10A6534-B78F-4299-8877-61A014017FC1}.Debug|x86.ActiveCfg = Debug|Win32
		{A10A6534-B78F-4299-8877-61A014017FC1}.Debug|x86.Build.0 = Debug|Win32
		{A10A6534-B78F-4299-8877-61A014017FC1}.Release|x64.ActiveCfg = Release|x64
		{A10A6534-B78F-4299-8877-61A014017FC1}.Release|x64.Build.0 = Release|x64
		{A10A6534-B78F-4299-8877-61A014017FC1}.Release|x86.ActiveCfg = Release|Win32
		{A10A6534-B78F-4299-8877-61A014017FC1}.Release|x86.Build.0 = Release|Win32
		{0D3D45D3-7A30-4542-9ECF-702856E6FDE4}.Debug|x64.ActiveCfg = Debug|x64
		{0D3D45D3-7A30-4542-9ECF-702856E6FDE4}.Debug|x64.Build.0 = Debug|x64
		{0D3D45D3-7A30-4542-9ECF-702856E6FDE4}.Debug|x86.ActiveCfg = Debug|Win32
		{0D3D45D3-7A30-4542-9ECF-702856E6FDE4}.Debug|x86.Build.0 = Debug|Win32
		{0D3D45D3-7A30-4542-9ECF-702856E6FDE4}.Release|x64.ActiveCfg = Release|x64
		{0D3D45D3-7A30-4542-9ECF-702856E6FDE4}.Release|x64.Build.0 = Release|x64
		{0D3D45D3-7A30-4542-9ECF-702856E6FDE4}.Release|x86.ActiveCfg = Release|Win32
		{0D3D45D3-7A30-4542-9ECF-702856E6FDE4}.Release|x86.Build.0 = Release|Win32
		{C9E7BA80-743B-4D1A-A3B2-3FC5B9CEA541}.Debug|x64.ActiveCfg = Debug|x64
		{C9E7BA80-743B-4D1A-A3B2-3FC5B9CEA541}.Debug|x64.Build.0 = Debug|x64
		{C9E7BA80-743B-4D1A-A3B2-3FC5B9CEA541}.Debug|x86.ActiveCfg = Debug|Win32
		{C9E7BA80-743B-4D1A-A3B2-3FC5B9CEA541}.Debug|x86.Build.0 = Debug|Win32
		{C9E7BA80-743B-4D1A-A3B2-3FC5B9CEA541}.Release|x64.ActiveCfg = Release|x64
		{C9E7BA80-743B-4D1A-A3B2-3FC5B9CEA541}.Release|x64.Build.0 = Release|x64
		{C9E7BA80-743B-4D1A-A3B2-3FC5B9CEA541}.Release|x86.ActiveCfg = Release|Win32
		{C9E7BA80-743B-4D1A-A3B2-3FC5B9CEA541}.Release|x86.Build.0 = Release|Win32
	EndGlobalSection
	GlobalSection(SolutionProperties) = preSolution
		HideSolutionNode = FALSE
	EndGlobalSection
	GlobalSection(ExtensibilityGlobals) = postSolution
		SolutionGuid = {329B3555-8969-484A-A633-DCD566A5B752}
	EndGlobalSection
EndGlobal
